// !$*UTF8*$!
{
	archiveVersion = 1;
	classes = {
	};
	objectVersion = 48;
	objects = {

/* Begin PBXBuildFile section */
		10278BC1206231950013AACD /* AppDelegate.swift in Sources */ = {isa = PBXBuildFile; fileRef = 10278BC0206231950013AACD /* AppDelegate.swift */; };
		10278BC3206231950013AACD /* ViewController.swift in Sources */ = {isa = PBXBuildFile; fileRef = 10278BC2206231950013AACD /* ViewController.swift */; };
		10278BC6206231950013AACD /* Main.storyboard in Resources */ = {isa = PBXBuildFile; fileRef = 10278BC4206231950013AACD /* Main.storyboard */; };
		10278BC8206231950013AACD /* Assets.xcassets in Resources */ = {isa = PBXBuildFile; fileRef = 10278BC7206231950013AACD /* Assets.xcassets */; };
		10278BCB206231950013AACD /* LaunchScreen.storyboard in Resources */ = {isa = PBXBuildFile; fileRef = 10278BC9206231950013AACD /* LaunchScreen.storyboard */; };
		10278BD6206231950013AACD /* twitterkitTests.swift in Sources */ = {isa = PBXBuildFile; fileRef = 10278BD5206231950013AACD /* twitterkitTests.swift */; };
		10278BE320626FF50013AACD /* DataConvertible.swift in Sources */ = {isa = PBXBuildFile; fileRef = 10278BE220626FF50013AACD /* DataConvertible.swift */; };
		10278BE5206270140013AACD /* TwitterAPICredential.swift in Sources */ = {isa = PBXBuildFile; fileRef = 10278BE4206270140013AACD /* TwitterAPICredential.swift */; };
		10278BE8206270480013AACD /* FileOrganizer.swift in Sources */ = {isa = PBXBuildFile; fileRef = 10278BE7206270480013AACD /* FileOrganizer.swift */; };
		10278BEE206271470013AACD /* TKError.swift in Sources */ = {isa = PBXBuildFile; fileRef = 10278BED206271470013AACD /* TKError.swift */; };
		10278BF0206271CE0013AACD /* loadCredentialTests.swift in Sources */ = {isa = PBXBuildFile; fileRef = 10278BEF206271CE0013AACD /* loadCredentialTests.swift */; };
		10278BF2206272080013AACD /* credential.json in Resources */ = {isa = PBXBuildFile; fileRef = 10278BF1206272080013AACD /* credential.json */; };
		10278BF7206277CC0013AACD /* TwitterShareExtensionUI.framework in Frameworks */ = {isa = PBXBuildFile; fileRef = 10278BF5206277CC0013AACD /* TwitterShareExtensionUI.framework */; };
		10278BF8206277CC0013AACD /* TwitterKit.framework in Frameworks */ = {isa = PBXBuildFile; fileRef = 10278BF6206277CC0013AACD /* TwitterKit.framework */; };
/* End PBXBuildFile section */

/* Begin PBXContainerItemProxy section */
		10278BD2206231950013AACD /* PBXContainerItemProxy */ = {
			isa = PBXContainerItemProxy;
			containerPortal = 10278BB5206231940013AACD /* Project object */;
			proxyType = 1;
			remoteGlobalIDString = 10278BBC206231950013AACD;
			remoteInfo = twitterkit;
		};
/* End PBXContainerItemProxy section */

/* Begin PBXFileReference section */
		10278BBD206231950013AACD /* twitterkit.app */ = {isa = PBXFileReference; explicitFileType = wrapper.application; includeInIndex = 0; path = twitterkit.app; sourceTree = BUILT_PRODUCTS_DIR; };
		10278BC0206231950013AACD /* AppDelegate.swift */ = {isa = PBXFileReference; lastKnownFileType = sourcecode.swift; path = AppDelegate.swift; sourceTree = "<group>"; };
		10278BC2206231950013AACD /* ViewController.swift */ = {isa = PBXFileReference; lastKnownFileType = sourcecode.swift; path = ViewController.swift; sourceTree = "<group>"; };
		10278BC5206231950013AACD /* Base */ = {isa = PBXFileReference; lastKnownFileType = file.storyboard; name = Base; path = Base.lproj/Main.storyboard; sourceTree = "<group>"; };
		10278BC7206231950013AACD /* Assets.xcassets */ = {isa = PBXFileReference; lastKnownFileType = folder.assetcatalog; path = Assets.xcassets; sourceTree = "<group>"; };
		10278BCA206231950013AACD /* Base */ = {isa = PBXFileReference; lastKnownFileType = file.storyboard; name = Base; path = Base.lproj/LaunchScreen.storyboard; sourceTree = "<group>"; };
		10278BCC206231950013AACD /* Info.plist */ = {isa = PBXFileReference; lastKnownFileType = text.plist.xml; path = Info.plist; sourceTree = "<group>"; };
		10278BD1206231950013AACD /* twitterkitTests.xctest */ = {isa = PBXFileReference; explicitFileType = wrapper.cfbundle; includeInIndex = 0; path = twitterkitTests.xctest; sourceTree = BUILT_PRODUCTS_DIR; };
		10278BD5206231950013AACD /* twitterkitTests.swift */ = {isa = PBXFileReference; lastKnownFileType = sourcecode.swift; path = twitterkitTests.swift; sourceTree = "<group>"; };
		10278BD7206231950013AACD /* Info.plist */ = {isa = PBXFileReference; lastKnownFileType = text.plist.xml; path = Info.plist; sourceTree = "<group>"; };
		10278BE220626FF50013AACD /* DataConvertible.swift */ = {isa = PBXFileReference; fileEncoding = 4; lastKnownFileType = sourcecode.swift; path = DataConvertible.swift; sourceTree = "<group>"; };
		10278BE4206270140013AACD /* TwitterAPICredential.swift */ = {isa = PBXFileReference; fileEncoding = 4; lastKnownFileType = sourcecode.swift; path = TwitterAPICredential.swift; sourceTree = "<group>"; };
		10278BE7206270480013AACD /* FileOrganizer.swift */ = {isa = PBXFileReference; fileEncoding = 4; lastKnownFileType = sourcecode.swift; path = FileOrganizer.swift; sourceTree = "<group>"; };
		10278BED206271470013AACD /* TKError.swift */ = {isa = PBXFileReference; lastKnownFileType = sourcecode.swift; path = TKError.swift; sourceTree = "<group>"; };
		10278BEF206271CE0013AACD /* loadCredentialTests.swift */ = {isa = PBXFileReference; lastKnownFileType = sourcecode.swift; path = loadCredentialTests.swift; sourceTree = "<group>"; };
		10278BF1206272080013AACD /* credential.json */ = {isa = PBXFileReference; fileEncoding = 4; lastKnownFileType = text.json; path = credential.json; sourceTree = "<group>"; };
		10278BF5206277CC0013AACD /* TwitterShareExtensionUI.framework */ = {isa = PBXFileReference; lastKnownFileType = wrapper.framework; name = TwitterShareExtensionUI.framework; path = Carthage/Build/iOS/TwitterShareExtensionUI.framework; sourceTree = "<group>"; };
		10278BF6206277CC0013AACD /* TwitterKit.framework */ = {isa = PBXFileReference; lastKnownFileType = wrapper.framework; name = TwitterKit.framework; path = Carthage/Build/iOS/TwitterKit.framework; sourceTree = "<group>"; };
/* End PBXFileReference section */

/* Begin PBXFrameworksBuildPhase section */
		10278BBA206231950013AACD /* Frameworks */ = {
			isa = PBXFrameworksBuildPhase;
			buildActionMask = 2147483647;
			files = (
				10278BF7206277CC0013AACD /* TwitterShareExtensionUI.framework in Frameworks */,
				10278BF8206277CC0013AACD /* TwitterKit.framework in Frameworks */,
			);
			runOnlyForDeploymentPostprocessing = 0;
		};
		10278BCE206231950013AACD /* Frameworks */ = {
			isa = PBXFrameworksBuildPhase;
			buildActionMask = 2147483647;
			files = (
			);
			runOnlyForDeploymentPostprocessing = 0;
		};
/* End PBXFrameworksBuildPhase section */

/* Begin PBXGroup section */
		10278BB4206231940013AACD = {
			isa = PBXGroup;
			children = (
				10278BBF206231950013AACD /* twitterkit */,
				10278BD4206231950013AACD /* twitterkitTests */,
				10278BBE206231950013AACD /* Products */,
				10278BF4206277CC0013AACD /* Frameworks */,
			);
			sourceTree = "<group>";
		};
		10278BBE206231950013AACD /* Products */ = {
			isa = PBXGroup;
			children = (
				10278BBD206231950013AACD /* twitterkit.app */,
				10278BD1206231950013AACD /* twitterkitTests.xctest */,
			);
			name = Products;
			sourceTree = "<group>";
		};
		10278BBF206231950013AACD /* twitterkit */ = {
			isa = PBXGroup;
			children = (
				10278BEC206271260013AACD /* Error */,
				10278BE6206270270013AACD /* Utils */,
				10278BE020626FB00013AACD /* Models */,
				10278BC0206231950013AACD /* AppDelegate.swift */,
				10278BEB206270D40013AACD /* View・VC */,
				10278BEA206270A70013AACD /* Resources */,
				10278BE92062706F0013AACD /* Setting Files */,
			);
			path = twitterkit;
			sourceTree = "<group>";
		};
		10278BD4206231950013AACD /* twitterkitTests */ = {
			isa = PBXGroup;
			children = (
				10278BD5206231950013AACD /* twitterkitTests.swift */,
				10278BD7206231950013AACD /* Info.plist */,
				10278BEF206271CE0013AACD /* loadCredentialTests.swift */,
			);
			path = twitterkitTests;
			sourceTree = "<group>";
		};
		10278BE020626FB00013AACD /* Models */ = {
			isa = PBXGroup;
			children = (
				10278BE220626FF50013AACD /* DataConvertible.swift */,
				10278BE120626FBD0013AACD /* Credential */,
			);
			path = Models;
			sourceTree = "<group>";
		};
		10278BE120626FBD0013AACD /* Credential */ = {
			isa = PBXGroup;
			children = (
				10278BE4206270140013AACD /* TwitterAPICredential.swift */,
			);
			path = Credential;
			sourceTree = "<group>";
		};
		10278BE6206270270013AACD /* Utils */ = {
			isa = PBXGroup;
			children = (
				10278BE7206270480013AACD /* FileOrganizer.swift */,
			);
			path = Utils;
			sourceTree = "<group>";
		};
		10278BE92062706F0013AACD /* Setting Files */ = {
			isa = PBXGroup;
			children = (
				10278BCC206231950013AACD /* Info.plist */,
			);
			name = "Setting Files";
			sourceTree = "<group>";
		};
		10278BEA206270A70013AACD /* Resources */ = {
			isa = PBXGroup;
			children = (
				10278BF1206272080013AACD /* credential.json */,
				10278BC7206231950013AACD /* Assets.xcassets */,
			);
			path = Resources;
			sourceTree = "<group>";
		};
		10278BEB206270D40013AACD /* View・VC */ = {
			isa = PBXGroup;
			children = (
				10278BC2206231950013AACD /* ViewController.swift */,
				10278BC4206231950013AACD /* Main.storyboard */,
				10278BC9206231950013AACD /* LaunchScreen.storyboard */,
			);
			path = "View・VC";
			sourceTree = "<group>";
		};
		10278BEC206271260013AACD /* Error */ = {
			isa = PBXGroup;
			children = (
				10278BED206271470013AACD /* TKError.swift */,
			);
			path = Error;
			sourceTree = "<group>";
		};
		10278BF4206277CC0013AACD /* Frameworks */ = {
			isa = PBXGroup;
			children = (
				10278BF6206277CC0013AACD /* TwitterKit.framework */,
				10278BF5206277CC0013AACD /* TwitterShareExtensionUI.framework */,
			);
			name = Frameworks;
			sourceTree = "<group>";
		};
/* End PBXGroup section */

/* Begin PBXNativeTarget section */
		10278BBC206231950013AACD /* twitterkit */ = {
			isa = PBXNativeTarget;
			buildConfigurationList = 10278BDA206231950013AACD /* Build configuration list for PBXNativeTarget "twitterkit" */;
			buildPhases = (
				10278BB9206231950013AACD /* Sources */,
				10278BBA206231950013AACD /* Frameworks */,
				10278BBB206231950013AACD /* Resources */,
				10278BF32062747E0013AACD /* ShellScript */,
				10278BF9206277E40013AACD /* ShellScript */,
			);
			buildRules = (
			);
			dependencies = (
			);
			name = twitterkit;
			productName = twitterkit;
			productReference = 10278BBD206231950013AACD /* twitterkit.app */;
			productType = "com.apple.product-type.application";
		};
		10278BD0206231950013AACD /* twitterkitTests */ = {
			isa = PBXNativeTarget;
			buildConfigurationList = 10278BDD206231950013AACD /* Build configuration list for PBXNativeTarget "twitterkitTests" */;
			buildPhases = (
				10278BCD206231950013AACD /* Sources */,
				10278BCE206231950013AACD /* Frameworks */,
				10278BCF206231950013AACD /* Resources */,
			);
			buildRules = (
			);
			dependencies = (
				10278BD3206231950013AACD /* PBXTargetDependency */,
			);
			name = twitterkitTests;
			productName = twitterkitTests;
			productReference = 10278BD1206231950013AACD /* twitterkitTests.xctest */;
			productType = "com.apple.product-type.bundle.unit-test";
		};
/* End PBXNativeTarget section */

/* Begin PBXProject section */
		10278BB5206231940013AACD /* Project object */ = {
			isa = PBXProject;
			attributes = {
				LastSwiftUpdateCheck = 0920;
				LastUpgradeCheck = 0920;
				ORGANIZATIONNAME = "sunday carpenter";
				TargetAttributes = {
					10278BBC206231950013AACD = {
						CreatedOnToolsVersion = 9.2;
						ProvisioningStyle = Automatic;
					};
					10278BD0206231950013AACD = {
						CreatedOnToolsVersion = 9.2;
						ProvisioningStyle = Automatic;
						TestTargetID = 10278BBC206231950013AACD;
					};
				};
			};
			buildConfigurationList = 10278BB8206231940013AACD /* Build configuration list for PBXProject "twitterkit" */;
			compatibilityVersion = "Xcode 8.0";
			developmentRegion = en;
			hasScannedForEncodings = 0;
			knownRegions = (
				en,
				Base,
			);
			mainGroup = 10278BB4206231940013AACD;
			productRefGroup = 10278BBE206231950013AACD /* Products */;
			projectDirPath = "";
			projectRoot = "";
			targets = (
				10278BBC206231950013AACD /* twitterkit */,
				10278BD0206231950013AACD /* twitterkitTests */,
			);
		};
/* End PBXProject section */

/* Begin PBXResourcesBuildPhase section */
		10278BBB206231950013AACD /* Resources */ = {
			isa = PBXResourcesBuildPhase;
			buildActionMask = 2147483647;
			files = (
				10278BCB206231950013AACD /* LaunchScreen.storyboard in Resources */,
				10278BC8206231950013AACD /* Assets.xcassets in Resources */,
				10278BF2206272080013AACD /* credential.json in Resources */,
				10278BC6206231950013AACD /* Main.storyboard in Resources */,
			);
			runOnlyForDeploymentPostprocessing = 0;
		};
		10278BCF206231950013AACD /* Resources */ = {
			isa = PBXResourcesBuildPhase;
			buildActionMask = 2147483647;
			files = (
			);
			runOnlyForDeploymentPostprocessing = 0;
		};
/* End PBXResourcesBuildPhase section */

/* Begin PBXShellScriptBuildPhase section */
		10278BF32062747E0013AACD /* ShellScript */ = {
			isa = PBXShellScriptBuildPhase;
			buildActionMask = 2147483647;
			files = (
			);
			inputPaths = (
			);
			outputPaths = (
			);
			runOnlyForDeploymentPostprocessing = 0;
			shellPath = /bin/sh;
			shellScript = "if which swiftlint >/dev/null; then\nswiftlint\nelse\necho \"warning: SwiftLint not installed, download from https://github.com/realm/SwiftLint\"\nfi";
		};
		10278BF9206277E40013AACD /* ShellScript */ = {
			isa = PBXShellScriptBuildPhase;
			buildActionMask = 2147483647;
			files = (
			);
			inputPaths = (
				"$(SRCROOT)/Carthage/Build/iOS/TwitterCore.framework",
				"$(SRCROOT)/Carthage/Build/iOS/TwitterKit.framework",
				"$(SRCROOT)/Carthage/Build/iOS/TwitterShareExtensionUI.framework",
			);
			outputPaths = (
				"$(BUILT_PRODUCTS_DIR)/$(FRAMEWORKS_FOLDER_PATH)/TwitterCore.framework",
				"$(BUILT_PRODUCTS_DIR)/$(FRAMEWORKS_FOLDER_PATH)/TwitterKit.framework",
				"$(BUILT_PRODUCTS_DIR)/$(FRAMEWORKS_FOLDER_PATH)/TwitterShareExtensionUI.framework",
			);
			runOnlyForDeploymentPostprocessing = 0;
			shellPath = /bin/sh;
			shellScript = "/usr/local/bin/carthage copy-frameworks";
		};
/* End PBXShellScriptBuildPhase section */

/* Begin PBXSourcesBuildPhase section */
		10278BB9206231950013AACD /* Sources */ = {
			isa = PBXSourcesBuildPhase;
			buildActionMask = 2147483647;
			files = (
				10278BC3206231950013AACD /* ViewController.swift in Sources */,
				10278BE5206270140013AACD /* TwitterAPICredential.swift in Sources */,
				10278BC1206231950013AACD /* AppDelegate.swift in Sources */,
				10278BE8206270480013AACD /* FileOrganizer.swift in Sources */,
				10278BE320626FF50013AACD /* DataConvertible.swift in Sources */,
				10278BEE206271470013AACD /* TKError.swift in Sources */,
			);
			runOnlyForDeploymentPostprocessing = 0;
		};
		10278BCD206231950013AACD /* Sources */ = {
			isa = PBXSourcesBuildPhase;
			buildActionMask = 2147483647;
			files = (
				10278BF0206271CE0013AACD /* loadCredentialTests.swift in Sources */,
				10278BD6206231950013AACD /* twitterkitTests.swift in Sources */,
			);
			runOnlyForDeploymentPostprocessing = 0;
		};
/* End PBXSourcesBuildPhase section */

/* Begin PBXTargetDependency section */
		10278BD3206231950013AACD /* PBXTargetDependency */ = {
			isa = PBXTargetDependency;
			target = 10278BBC206231950013AACD /* twitterkit */;
			targetProxy = 10278BD2206231950013AACD /* PBXContainerItemProxy */;
		};
/* End PBXTargetDependency section */

/* Begin PBXVariantGroup section */
		10278BC4206231950013AACD /* Main.storyboard */ = {
			isa = PBXVariantGroup;
			children = (
				10278BC5206231950013AACD /* Base */,
			);
			name = Main.storyboard;
			sourceTree = "<group>";
		};
		10278BC9206231950013AACD /* LaunchScreen.storyboard */ = {
			isa = PBXVariantGroup;
			children = (
				10278BCA206231950013AACD /* Base */,
			);
			name = LaunchScreen.storyboard;
			sourceTree = "<group>";
		};
/* End PBXVariantGroup section */

/* Begin XCBuildConfiguration section */
		10278BD8206231950013AACD /* Debug */ = {
			isa = XCBuildConfiguration;
			buildSettings = {
				ALWAYS_SEARCH_USER_PATHS = NO;
				CLANG_ANALYZER_NONNULL = YES;
				CLANG_ANALYZER_NUMBER_OBJECT_CONVERSION = YES_AGGRESSIVE;
				CLANG_CXX_LANGUAGE_STANDARD = "gnu++14";
				CLANG_CXX_LIBRARY = "libc++";
				CLANG_ENABLE_MODULES = YES;
				CLANG_ENABLE_OBJC_ARC = YES;
				CLANG_WARN_BLOCK_CAPTURE_AUTORELEASING = YES;
				CLANG_WARN_BOOL_CONVERSION = YES;
				CLANG_WARN_COMMA = YES;
				CLANG_WARN_CONSTANT_CONVERSION = YES;
				CLANG_WARN_DIRECT_OBJC_ISA_USAGE = YES_ERROR;
				CLANG_WARN_DOCUMENTATION_COMMENTS = YES;
				CLANG_WARN_EMPTY_BODY = YES;
				CLANG_WARN_ENUM_CONVERSION = YES;
				CLANG_WARN_INFINITE_RECURSION = YES;
				CLANG_WARN_INT_CONVERSION = YES;
				CLANG_WARN_NON_LITERAL_NULL_CONVERSION = YES;
				CLANG_WARN_OBJC_LITERAL_CONVERSION = YES;
				CLANG_WARN_OBJC_ROOT_CLASS = YES_ERROR;
				CLANG_WARN_RANGE_LOOP_ANALYSIS = YES;
				CLANG_WARN_STRICT_PROTOTYPES = YES;
				CLANG_WARN_SUSPICIOUS_MOVE = YES;
				CLANG_WARN_UNGUARDED_AVAILABILITY = YES_AGGRESSIVE;
				CLANG_WARN_UNREACHABLE_CODE = YES;
				CLANG_WARN__DUPLICATE_METHOD_MATCH = YES;
				CODE_SIGN_IDENTITY = "iPhone Developer";
				COPY_PHASE_STRIP = NO;
				DEBUG_INFORMATION_FORMAT = dwarf;
				ENABLE_STRICT_OBJC_MSGSEND = YES;
				ENABLE_TESTABILITY = YES;
				GCC_C_LANGUAGE_STANDARD = gnu11;
				GCC_DYNAMIC_NO_PIC = NO;
				GCC_NO_COMMON_BLOCKS = YES;
				GCC_OPTIMIZATION_LEVEL = 0;
				GCC_PREPROCESSOR_DEFINITIONS = (
					"DEBUG=1",
					"$(inherited)",
				);
				GCC_WARN_64_TO_32_BIT_CONVERSION = YES;
				GCC_WARN_ABOUT_RETURN_TYPE = YES_ERROR;
				GCC_WARN_UNDECLARED_SELECTOR = YES;
				GCC_WARN_UNINITIALIZED_AUTOS = YES_AGGRESSIVE;
				GCC_WARN_UNUSED_FUNCTION = YES;
				GCC_WARN_UNUSED_VARIABLE = YES;
				IPHONEOS_DEPLOYMENT_TARGET = 11.2;
				MTL_ENABLE_DEBUG_INFO = YES;
				ONLY_ACTIVE_ARCH = YES;
				SDKROOT = iphoneos;
				SWIFT_ACTIVE_COMPILATION_CONDITIONS = DEBUG;
				SWIFT_OPTIMIZATION_LEVEL = "-Onone";
			};
			name = Debug;
		};
		10278BD9206231950013AACD /* Release */ = {
			isa = XCBuildConfiguration;
			buildSettings = {
				ALWAYS_SEARCH_USER_PATHS = NO;
				CLANG_ANALYZER_NONNULL = YES;
				CLANG_ANALYZER_NUMBER_OBJECT_CONVERSION = YES_AGGRESSIVE;
				CLANG_CXX_LANGUAGE_STANDARD = "gnu++14";
				CLANG_CXX_LIBRARY = "libc++";
				CLANG_ENABLE_MODULES = YES;
				CLANG_ENABLE_OBJC_ARC = YES;
				CLANG_WARN_BLOCK_CAPTURE_AUTORELEASING = YES;
				CLANG_WARN_BOOL_CONVERSION = YES;
				CLANG_WARN_COMMA = YES;
				CLANG_WARN_CONSTANT_CONVERSION = YES;
				CLANG_WARN_DIRECT_OBJC_ISA_USAGE = YES_ERROR;
				CLANG_WARN_DOCUMENTATION_COMMENTS = YES;
				CLANG_WARN_EMPTY_BODY = YES;
				CLANG_WARN_ENUM_CONVERSION = YES;
				CLANG_WARN_INFINITE_RECURSION = YES;
				CLANG_WARN_INT_CONVERSION = YES;
				CLANG_WARN_NON_LITERAL_NULL_CONVERSION = YES;
				CLANG_WARN_OBJC_LITERAL_CONVERSION = YES;
				CLANG_WARN_OBJC_ROOT_CLASS = YES_ERROR;
				CLANG_WARN_RANGE_LOOP_ANALYSIS = YES;
				CLANG_WARN_STRICT_PROTOTYPES = YES;
				CLANG_WARN_SUSPICIOUS_MOVE = YES;
				CLANG_WARN_UNGUARDED_AVAILABILITY = YES_AGGRESSIVE;
				CLANG_WARN_UNREACHABLE_CODE = YES;
				CLANG_WARN__DUPLICATE_METHOD_MATCH = YES;
				CODE_SIGN_IDENTITY = "iPhone Developer";
				COPY_PHASE_STRIP = NO;
				DEBUG_INFORMATION_FORMAT = "dwarf-with-dsym";
				ENABLE_NS_ASSERTIONS = NO;
				ENABLE_STRICT_OBJC_MSGSEND = YES;
				GCC_C_LANGUAGE_STANDARD = gnu11;
				GCC_NO_COMMON_BLOCKS = YES;
				GCC_WARN_64_TO_32_BIT_CONVERSION = YES;
				GCC_WARN_ABOUT_RETURN_TYPE = YES_ERROR;
				GCC_WARN_UNDECLARED_SELECTOR = YES;
				GCC_WARN_UNINITIALIZED_AUTOS = YES_AGGRESSIVE;
				GCC_WARN_UNUSED_FUNCTION = YES;
				GCC_WARN_UNUSED_VARIABLE = YES;
				IPHONEOS_DEPLOYMENT_TARGET = 11.2;
				MTL_ENABLE_DEBUG_INFO = NO;
				SDKROOT = iphoneos;
				SWIFT_OPTIMIZATION_LEVEL = "-Owholemodule";
				VALIDATE_PRODUCT = YES;
			};
			name = Release;
		};
		10278BDB206231950013AACD /* Debug */ = {
			isa = XCBuildConfiguration;
			buildSettings = {
				ASSETCATALOG_COMPILER_APPICON_NAME = AppIcon;
				CODE_SIGN_STYLE = Automatic;
				DEVELOPMENT_TEAM = 469GT6P4NA;
				FRAMEWORK_SEARCH_PATHS = (
					"$(inherited)",
					"$(PROJECT_DIR)/Carthage/Build/iOS",
				);
				INFOPLIST_FILE = twitterkit/Info.plist;
				LD_RUNPATH_SEARCH_PATHS = "$(inherited) @executable_path/Frameworks";
				PRODUCT_BUNDLE_IDENTIFIER = jp.co.sundaycarpenter.twitterkit;
				PRODUCT_NAME = "$(TARGET_NAME)";
				SWIFT_VERSION = 4.0;
				TARGETED_DEVICE_FAMILY = "1,2";
			};
			name = Debug;
		};
		10278BDC206231950013AACD /* Release */ = {
			isa = XCBuildConfiguration;
			buildSettings = {
				ASSETCATALOG_COMPILER_APPICON_NAME = AppIcon;
				CODE_SIGN_STYLE = Automatic;
				DEVELOPMENT_TEAM = 469GT6P4NA;
				FRAMEWORK_SEARCH_PATHS = (
					"$(inherited)",
					"$(PROJECT_DIR)/Carthage/Build/iOS",
				);
				INFOPLIST_FILE = twitterkit/Info.plist;
				LD_RUNPATH_SEARCH_PATHS = "$(inherited) @executable_path/Frameworks";
				PRODUCT_BUNDLE_IDENTIFIER = jp.co.sundaycarpenter.twitterkit;
				PRODUCT_NAME = "$(TARGET_NAME)";
				SWIFT_VERSION = 4.0;
				TARGETED_DEVICE_FAMILY = "1,2";
			};
			name = Release;
		};
		10278BDE206231950013AACD /* Debug */ = {
			isa = XCBuildConfiguration;
			buildSettings = {
				ALWAYS_EMBED_SWIFT_STANDARD_LIBRARIES = YES;
				BUNDLE_LOADER = "$(TEST_HOST)";
				CODE_SIGN_STYLE = Automatic;
				DEVELOPMENT_TEAM = 469GT6P4NA;
				INFOPLIST_FILE = twitterkitTests/Info.plist;
				LD_RUNPATH_SEARCH_PATHS = "$(inherited) @executable_path/Frameworks @loader_path/Frameworks";
				PRODUCT_BUNDLE_IDENTIFIER = jp.co.sundaycarpenter.twitterkitTests;
				PRODUCT_NAME = "$(TARGET_NAME)";
				SWIFT_VERSION = 4.0;
				TARGETED_DEVICE_FAMILY = "1,2";
				TEST_HOST = "$(BUILT_PRODUCTS_DIR)/twitterkit.app/twitterkit";
			};
			name = Debug;
		};
		10278BDF206231950013AACD /* Release */ = {
			isa = XCBuildConfiguration;
			buildSettings = {
				ALWAYS_EMBED_SWIFT_STANDARD_LIBRARIES = YES;
				BUNDLE_LOADER = "$(TEST_HOST)";
				CODE_SIGN_STYLE = Automatic;
				DEVELOPMENT_TEAM = 469GT6P4NA;
				INFOPLIST_FILE = twitterkitTests/Info.plist;
				LD_RUNPATH_SEARCH_PATHS = "$(inherited) @executable_path/Frameworks @loader_path/Frameworks";
				PRODUCT_BUNDLE_IDENTIFIER = jp.co.sundaycarpenter.twitterkitTests;
				PRODUCT_NAME = "$(TARGET_NAME)";
				SWIFT_VERSION = 4.0;
				TARGETED_DEVICE_FAMILY = "1,2";
				TEST_HOST = "$(BUILT_PRODUCTS_DIR)/twitterkit.app/twitterkit";
			};
			name = Release;
		};
/* End XCBuildConfiguration section */

/* Begin XCConfigurationList section */
		10278BB8206231940013AACD /* Build configuration list for PBXProject "twitterkit" */ = {
			isa = XCConfigurationList;
			buildConfigurations = (
				10278BD8206231950013AACD /* Debug */,
				10278BD9206231950013AACD /* Release */,
			);
			defaultConfigurationIsVisible = 0;
			defaultConfigurationName = Release;
		};
		10278BDA206231950013AACD /* Build configuration list for PBXNativeTarget "twitterkit" */ = {
			isa = XCConfigurationList;
			buildConfigurations = (
				10278BDB206231950013AACD /* Debug */,
				10278BDC206231950013AACD /* Release */,
			);
			defaultConfigurationIsVisible = 0;
			defaultConfigurationName = Release;
		};
		10278BDD206231950013AACD /* Build configuration list for PBXNativeTarget "twitterkitTests" */ = {
			isa = XCConfigurationList;
			buildConfigurations = (
				10278BDE206231950013AACD /* Debug */,
				10278BDF206231950013AACD /* Release */,
			);
			defaultConfigurationIsVisible = 0;
			defaultConfigurationName = Release;
		};
/* End XCConfigurationList section */
	};
	rootObject = 10278BB5206231940013AACD /* Project object */;
}
